PODS:
  - Alamofire (4.5.1)
  - RPiOSFeedback (0.0.4):
    - Alamofire

DEPENDENCIES:
  - RPiOSFeedback (from `~/Desktop/Projects/ReviewPush/RPAppStoreFeedback`)

EXTERNAL SOURCES:
  RPiOSFeedback:
    :path: ~/Desktop/Projects/ReviewPush/RPAppStoreFeedback

SPEC CHECKSUMS:
  Alamofire: 2d95912bf4c34f164fdfc335872e8c312acaea4a
  RPiOSFeedback: 05a40af481e4010c66ead4b2c8d25d7acfb489db

PODFILE CHECKSUM: a645446b29333b2c15eabb33cae665f90c3df309

COCOAPODS: 1.3.1
